{
  "version": "3",
  "packages": {
    "specifiers": {
      "jsr:@deno/cache-dir@0.8": "jsr:@deno/cache-dir@0.8.0",
      "jsr:@deno/emit": "jsr:@deno/emit@0.41.0",
      "jsr:@std/assert@^0.218.2": "jsr:@std/assert@0.218.2",
      "jsr:@std/assert@^0.223.0": "jsr:@std/assert@0.223.0",
      "jsr:@std/bytes@^0.218.2": "jsr:@std/bytes@0.218.2",
      "jsr:@std/fmt@^0.218.2": "jsr:@std/fmt@0.218.2",
      "jsr:@std/fs@^0.218.2": "jsr:@std/fs@0.218.2",
      "jsr:@std/io@^0.218.2": "jsr:@std/io@0.218.2",
      "jsr:@std/media-types": "jsr:@std/media-types@0.224.1",
      "jsr:@std/path@^0.218.2": "jsr:@std/path@0.218.2",
      "jsr:@std/path@^0.223.0": "jsr:@std/path@0.223.0",
      "npm:preact": "npm:preact@10.22.0",
      "npm:preact-iso": "npm:preact-iso@2.6.3_preact@10.22.0_preact-render-to-string@6.5.5__preact@10.22.0",
      "npm:preact-render-to-string": "npm:preact-render-to-string@6.5.5_preact@10.22.0"
    },
    "jsr": {
      "@deno/cache-dir@0.8.0": {
        "integrity": "e87e80a404958f6350d903e6238b72afb92468378b0b32111f7a1e4916ac7fe7",
        "dependencies": [
          "jsr:@std/fmt@^0.218.2",
          "jsr:@std/fs@^0.218.2",
          "jsr:@std/io@^0.218.2",
          "jsr:@std/path@^0.218.2"
        ]
      },
      "@deno/emit@0.41.0": {
        "integrity": "174a2db3ae0bfa62a7c30bfabd740143ad60ea88880dbe6e8bb16b7baaeb519c",
        "dependencies": [
          "jsr:@deno/cache-dir@0.8",
          "jsr:@std/path@^0.223.0"
        ]
      },
      "@std/assert@0.218.2": {
        "integrity": "7f0a5a1a8cf86607cd6c2c030584096e1ffad27fc9271429a8cb48cfbdee5eaf"
      },
      "@std/assert@0.223.0": {
        "integrity": "eb8d6d879d76e1cc431205bd346ed4d88dc051c6366365b1af47034b0670be24"
      },
      "@std/bytes@0.218.2": {
        "integrity": "91fe54b232dcca73856b79a817247f4a651dbb60d51baafafb6408c137241670"
      },
      "@std/fmt@0.218.2": {
        "integrity": "99526449d2505aa758b6cbef81e7dd471d8b28ec0dcb1491d122b284c548788a"
      },
      "@std/fs@0.218.2": {
        "integrity": "dd9431453f7282e8c577cc22c9e6d036055a9a980b5549f887d6012969fabcca"
      },
      "@std/io@0.218.2": {
        "integrity": "c64fbfa087b7c9d4d386c5672f291f607d88cb7d44fc299c20c713e345f2785f",
        "dependencies": [
          "jsr:@std/assert@^0.218.2",
          "jsr:@std/bytes@^0.218.2"
        ]
      },
      "@std/media-types@0.224.1": {
        "integrity": "9e69a5daed37c5b5c6d3ce4731dc191f80e67f79bed392b0957d1d03b87f11e1"
      },
      "@std/path@0.218.2": {
        "integrity": "b568fd923d9e53ad76d17c513e7310bda8e755a3e825e6289a0ce536404e2662",
        "dependencies": [
          "jsr:@std/assert@^0.218.2"
        ]
      },
      "@std/path@0.223.0": {
        "integrity": "593963402d7e6597f5a6e620931661053572c982fc014000459edc1f93cc3989",
        "dependencies": [
          "jsr:@std/assert@^0.223.0"
        ]
      }
    },
    "npm": {
      "preact-iso@2.6.3_preact@10.22.0_preact-render-to-string@6.5.5__preact@10.22.0": {
        "integrity": "sha512-2JqNi+Elyt7rf0kULtMn/QskbZE10cDMrhmoanGKWJX3gOCTIfLt/ta5xWu+kQUsyInPkTQIVp3fS5Im0V+X8A==",
        "dependencies": {
          "preact": "preact@10.22.0",
          "preact-render-to-string": "preact-render-to-string@6.5.5_preact@10.22.0"
        }
      },
      "preact-render-to-string@6.5.5_preact@10.22.0": {
        "integrity": "sha512-KiMFTKNTmT/ccE79BURR/r6XRc2I2TCTZ0MpeWqHW2XnllbeghXvwGsdAfF/MzMilUcTfODtSmMxgoRFL9TM5g==",
        "dependencies": {
          "preact": "preact@10.22.0"
        }
      },
      "preact@10.22.0": {
        "integrity": "sha512-RRurnSjJPj4rp5K6XoP45Ui33ncb7e4H7WiOHVpjbkvqvA3U+N8Z6Qbo0AE6leGYBV66n8EhEaFixvIu3SkxFw==",
        "dependencies": {}
      }
    }
  },
  "remote": {
    "https://esm.sh/preact@10.22.0/jsx-runtime": "c6185b52c1673f9d309dd6046051e9b6c034f14858bef62ea2a9fe9ef1ea2201",
    "https://esm.sh/stable/preact@10.22.0/denonext/jsx-runtime.js": "de60943799b1cbe6066c4f83f4ca71ef37011d7f5be7bef58ed980e8ff3f996a",
    "https://esm.sh/stable/preact@10.22.0/denonext/preact.mjs": "20c9563e051dd66e053d3afb450f61b48f2fa0d0ce4f69f8f0a2f23c1ef090da",
    "https://esm.sh/stable/preact@10.22.0/denonext/src.js": "8674e09926d897489892eae52e43d0ce884adbadc31b3042817fdba381241be1",
    "https://esm.sh/v128/preact@10.22.0/src/index.js": "563764be8932b6b9526f92768de869b17d6ad66f189aa16ddccb343bd600ea34"
  }
}
